{
  "originHash" : "ac865fc56d2aaf4b4b0fd3506a42bc941cef2245dd35c100189671460181c275",
  "pins" : [
    {
      "identity" : "accessibilitysnapshot",
      "kind" : "remoteSourceControl",
      "location" : "https://github.com/EmergeTools/AccessibilitySnapshot.git",
      "state" : {
        "revision" : "54046d8fa44b9fa9f0e2229526f6ed89cb5e0ec2",
        "version" : "1.0.2"
      }
    },
    {
      "identity" : "flyingfox",
      "kind" : "remoteSourceControl",
      "location" : "https://github.com/swhitty/FlyingFox.git",
      "state" : {
        "revision" : "f7829d4aca8cbfecb410a1cce872b1b045224aa1",
        "version" : "0.16.0"
      }
    },
    {
      "identity" : "snapshotpreviews-ios",
      "kind" : "remoteSourceControl",
      "location" : "https://github.com/EmergeTools/SnapshotPreviews-iOS",
      "state" : {
        "branch" : "main",
        "revision" : "94ad95ed84adbfbf3d63039b05234d23f9bed325"
      }
    }
  ],
  "version" : 3
}
