// !$*UTF8*$!
{
	archiveVersion = 1;
	classes = {
	};
	objectVersion = 56;
	objects = {

/* Begin PBXBuildFile section */
		126B995A2C909D4E0031EED1 /* PreviewApp.swift in Sources */ = {isa = PBXBuildFile; fileRef = 126B99592C909D4E0031EED1 /* PreviewApp.swift */; };
		126B995C2C909D4E0031EED1 /* ContentView.swift in Sources */ = {isa = PBXBuildFile; fileRef = 126B995B2C909D4E0031EED1 /* ContentView.swift */; };
		126B995E2C909D4F0031EED1 /* Assets.xcassets in Resources */ = {isa = PBXBuildFile; fileRef = 126B995D2C909D4F0031EED1 /* Assets.xcassets */; };
		126B99612C909D4F0031EED1 /* Preview Assets.xcassets in Resources */ = {isa = PBXBuildFile; fileRef = 126B99602C909D4F0031EED1 /* Preview Assets.xcassets */; };
		126B99862C909DC90031EED1 /* PreviewGallery in Frameworks */ = {isa = PBXBuildFile; productRef = 126B99852C909DC90031EED1 /* PreviewGallery */; };
/* End PBXBuildFile section */

/* Begin PBXContainerItemProxy section */
		126B99682C909D4F0031EED1 /* PBXContainerItemProxy */ = {
			isa = PBXContainerItemProxy;
			containerPortal = 126B994E2C909D4E0031EED1 /* Project object */;
			proxyType = 1;
			remoteGlobalIDString = 126B99552C909D4E0031EED1;
			remoteInfo = Preview;
		};
		126B99722C909D4F0031EED1 /* PBXContainerItemProxy */ = {
			isa = PBXContainerItemProxy;
			containerPortal = 126B994E2C909D4E0031EED1 /* Project object */;
			proxyType = 1;
			remoteGlobalIDString = 126B99552C909D4E0031EED1;
			remoteInfo = Preview;
		};
/* End PBXContainerItemProxy section */

/* Begin PBXFileReference section */
		126B99562C909D4E0031EED1 /* Preview.app */ = {isa = PBXFileReference; explicitFileType = wrapper.application; includeInIndex = 0; path = Preview.app; sourceTree = BUILT_PRODUCTS_DIR; };
		126B99592C909D4E0031EED1 /* PreviewApp.swift */ = {isa = PBXFileReference; lastKnownFileType = sourcecode.swift; path = PreviewApp.swift; sourceTree = "<group>"; };
		126B995B2C909D4E0031EED1 /* ContentView.swift */ = {isa = PBXFileReference; lastKnownFileType = sourcecode.swift; path = ContentView.swift; sourceTree = "<group>"; };
		126B995D2C909D4F0031EED1 /* Assets.xcassets */ = {isa = PBXFileReference; lastKnownFileType = folder.assetcatalog; path = Assets.xcassets; sourceTree = "<group>"; };
		126B99602C909D4F0031EED1 /* Preview Assets.xcassets */ = {isa = PBXFileReference; lastKnownFileType = folder.assetcatalog; path = "Preview Assets.xcassets"; sourceTree = "<group>"; };
		126B99622C909D4F0031EED1 /* Preview.entitlements */ = {isa = PBXFileReference; lastKnownFileType = text.plist.entitlements; path = Preview.entitlements; sourceTree = "<group>"; };
		126B99672C909D4F0031EED1 /* PreviewTests.xctest */ = {isa = PBXFileReference; explicitFileType = wrapper.cfbundle; includeInIndex = 0; path = PreviewTests.xctest; sourceTree = BUILT_PRODUCTS_DIR; };
		126B99712C909D4F0031EED1 /* PreviewUITests.xctest */ = {isa = PBXFileReference; explicitFileType = wrapper.cfbundle; includeInIndex = 0; path = PreviewUITests.xctest; sourceTree = BUILT_PRODUCTS_DIR; };
/* End PBXFileReference section */

/* Begin PBXFrameworksBuildPhase section */
		126B99532C909D4E0031EED1 /* Frameworks */ = {
			isa = PBXFrameworksBuildPhase;
			buildActionMask = 2147483647;
			files = (
				126B99862C909DC90031EED1 /* PreviewGallery in Frameworks */,
			);
			runOnlyForDeploymentPostprocessing = 0;
		};
		126B99642C909D4F0031EED1 /* Frameworks */ = {
			isa = PBXFrameworksBuildPhase;
			buildActionMask = 2147483647;
			files = (
			);
			runOnlyForDeploymentPostprocessing = 0;
		};
		126B996E2C909D4F0031EED1 /* Frameworks */ = {
			isa = PBXFrameworksBuildPhase;
			buildActionMask = 2147483647;
			files = (
			);
			runOnlyForDeploymentPostprocessing = 0;
		};
/* End PBXFrameworksBuildPhase section */

/* Begin PBXGroup section */
		126B994D2C909D4E0031EED1 = {
			isa = PBXGroup;
			children = (
				126B99582C909D4E0031EED1 /* Preview */,
				126B99572C909D4E0031EED1 /* Products */,
			);
			sourceTree = "<group>";
		};
		126B99572C909D4E0031EED1 /* Products */ = {
			isa = PBXGroup;
			children = (
				126B99562C909D4E0031EED1 /* Preview.app */,
				126B99672C909D4F0031EED1 /* PreviewTests.xctest */,
				126B99712C909D4F0031EED1 /* PreviewUITests.xctest */,
			);
			name = Products;
			sourceTree = "<group>";
		};
		126B99582C909D4E0031EED1 /* Preview */ = {
			isa = PBXGroup;
			children = (
				126B99592C909D4E0031EED1 /* PreviewApp.swift */,
				126B995B2C909D4E0031EED1 /* ContentView.swift */,
				126B995D2C909D4F0031EED1 /* Assets.xcassets */,
				126B99622C909D4F0031EED1 /* Preview.entitlements */,
				126B995F2C909D4F0031EED1 /* Preview Content */,
			);
			path = Preview;
			sourceTree = "<group>";
		};
		126B995F2C909D4F0031EED1 /* Preview Content */ = {
			isa = PBXGroup;
			children = (
				126B99602C909D4F0031EED1 /* Preview Assets.xcassets */,
			);
			path = "Preview Content";
			sourceTree = "<group>";
		};
/* End PBXGroup section */

/* Begin PBXNativeTarget section */
		126B99552C909D4E0031EED1 /* Preview */ = {
			isa = PBXNativeTarget;
			buildConfigurationList = 126B997B2C909D4F0031EED1 /* Build configuration list for PBXNativeTarget "Preview" */;
			buildPhases = (
				126B99522C909D4E0031EED1 /* Sources */,
				126B99532C909D4E0031EED1 /* Frameworks */,
				126B99542C909D4E0031EED1 /* Resources */,
			);
			buildRules = (
			);
			dependencies = (
			);
			name = Preview;
			packageProductDependencies = (
				126B99852C909DC90031EED1 /* PreviewGallery */,
			);
			productName = Preview;
			productReference = 126B99562C909D4E0031EED1 /* Preview.app */;
			productType = "com.apple.product-type.application";
		};
		126B99662C909D4F0031EED1 /* PreviewTests */ = {
			isa = PBXNativeTarget;
			buildConfigurationList = 126B997E2C909D4F0031EED1 /* Build configuration list for PBXNativeTarget "PreviewTests" */;
			buildPhases = (
				126B99632C909D4F0031EED1 /* Sources */,
				126B99642C909D4F0031EED1 /* Frameworks */,
				126B99652C909D4F0031EED1 /* Resources */,
			);
			buildRules = (
			);
			dependencies = (
				126B99692C909D4F0031EED1 /* PBXTargetDependency */,
			);
			name = PreviewTests;
			productName = PreviewTests;
			productReference = 126B99672C909D4F0031EED1 /* PreviewTests.xctest */;
			productType = "com.apple.product-type.bundle.unit-test";
		};
		126B99702C909D4F0031EED1 /* PreviewUITests */ = {
			isa = PBXNativeTarget;
			buildConfigurationList = 126B99812C909D4F0031EED1 /* Build configuration list for PBXNativeTarget "PreviewUITests" */;
			buildPhases = (
				126B996D2C909D4F0031EED1 /* Sources */,
				126B996E2C909D4F0031EED1 /* Frameworks */,
				126B996F2C909D4F0031EED1 /* Resources */,
			);
			buildRules = (
			);
			dependencies = (
				126B99732C909D4F0031EED1 /* PBXTargetDependency */,
			);
			name = PreviewUITests;
			productName = PreviewUITests;
			productReference = 126B99712C909D4F0031EED1 /* PreviewUITests.xctest */;
			productType = "com.apple.product-type.bundle.ui-testing";
		};
/* End PBXNativeTarget section */

/* Begin PBXProject section */
		126B994E2C909D4E0031EED1 /* Project object */ = {
			isa = PBXProject;
			attributes = {
				BuildIndependentTargetsInParallel = 1;
				LastSwiftUpdateCheck = 1530;
				LastUpgradeCheck = 1530;
				TargetAttributes = {
					126B99552C909D4E0031EED1 = {
						CreatedOnToolsVersion = 15.3;
					};
					126B99662C909D4F0031EED1 = {
						CreatedOnToolsVersion = 15.3;
						TestTargetID = 126B99552C909D4E0031EED1;
					};
					126B99702C909D4F0031EED1 = {
						CreatedOnToolsVersion = 15.3;
						TestTargetID = 126B99552C909D4E0031EED1;
					};
				};
			};
			buildConfigurationList = 126B99512C909D4E0031EED1 /* Build configuration list for PBXProject "Preview" */;
			compatibilityVersion = "Xcode 14.0";
			developmentRegion = en;
			hasScannedForEncodings = 0;
			knownRegions = (
				en,
				Base,
			);
			mainGroup = 126B994D2C909D4E0031EED1;
			packageReferences = (
				126B99842C909DC80031EED1 /* XCRemoteSwiftPackageReference "SnapshotPreviews-iOS" */,
			);
			productRefGroup = 126B99572C909D4E0031EED1 /* Products */;
			projectDirPath = "";
			projectRoot = "";
			targets = (
				126B99552C909D4E0031EED1 /* Preview */,
				126B99662C909D4F0031EED1 /* PreviewTests */,
				126B99702C909D4F0031EED1 /* PreviewUITests */,
			);
		};
/* End PBXProject section */

/* Begin PBXResourcesBuildPhase section */
		126B99542C909D4E0031EED1 /* Resources */ = {
			isa = PBXResourcesBuildPhase;
			buildActionMask = 2147483647;
			files = (
				126B99612C909D4F0031EED1 /* Preview Assets.xcassets in Resources */,
				126B995E2C909D4F0031EED1 /* Assets.xcassets in Resources */,
			);
			runOnlyForDeploymentPostprocessing = 0;
		};
		126B99652C909D4F0031EED1 /* Resources */ = {
			isa = PBXResourcesBuildPhase;
			buildActionMask = 2147483647;
			files = (
			);
			runOnlyForDeploymentPostprocessing = 0;
		};
		126B996F2C909D4F0031EED1 /* Resources */ = {
			isa = PBXResourcesBuildPhase;
			buildActionMask = 2147483647;
			files = (
			);
			runOnlyForDeploymentPostprocessing = 0;
		};
/* End PBXResourcesBuildPhase section */

/* Begin PBXSourcesBuildPhase section */
		126B99522C909D4E0031EED1 /* Sources */ = {
			isa = PBXSourcesBuildPhase;
			buildActionMask = 2147483647;
			files = (
				126B995C2C909D4E0031EED1 /* ContentView.swift in Sources */,
				126B995A2C909D4E0031EED1 /* PreviewApp.swift in Sources */,
			);
			runOnlyForDeploymentPostprocessing = 0;
		};
		126B99632C909D4F0031EED1 /* Sources */ = {
			isa = PBXSourcesBuildPhase;
			buildActionMask = 2147483647;
			files = (
			);
			runOnlyForDeploymentPostprocessing = 0;
		};
		126B996D2C909D4F0031EED1 /* Sources */ = {
			isa = PBXSourcesBuildPhase;
			buildActionMask = 2147483647;
			files = (
			);
			runOnlyForDeploymentPostprocessing = 0;
		};
/* End PBXSourcesBuildPhase section */

/* Begin PBXTargetDependency section */
		126B99692C909D4F0031EED1 /* PBXTargetDependency */ = {
			isa = PBXTargetDependency;
			target = 126B99552C909D4E0031EED1 /* Preview */;
			targetProxy = 126B99682C909D4F0031EED1 /* PBXContainerItemProxy */;
		};
		126B99732C909D4F0031EED1 /* PBXTargetDependency */ = {
			isa = PBXTargetDependency;
			target = 126B99552C909D4E0031EED1 /* Preview */;
			targetProxy = 126B99722C909D4F0031EED1 /* PBXContainerItemProxy */;
		};
/* End PBXTargetDependency section */

/* Begin XCBuildConfiguration section */
		126B99792C909D4F0031EED1 /* Debug */ = {
			isa = XCBuildConfiguration;
			buildSettings = {
				ALWAYS_SEARCH_USER_PATHS = NO;
				ASSETCATALOG_COMPILER_GENERATE_SWIFT_ASSET_SYMBOL_EXTENSIONS = YES;
				CLANG_ANALYZER_NONNULL = YES;
				CLANG_ANALYZER_NUMBER_OBJECT_CONVERSION = YES_AGGRESSIVE;
				CLANG_CXX_LANGUAGE_STANDARD = "gnu++20";
				CLANG_ENABLE_MODULES = YES;
				CLANG_ENABLE_OBJC_ARC = YES;
				CLANG_ENABLE_OBJC_WEAK = YES;
				CLANG_WARN_BLOCK_CAPTURE_AUTORELEASING = YES;
				CLANG_WARN_BOOL_CONVERSION = YES;
				CLANG_WARN_COMMA = YES;
				CLANG_WARN_CONSTANT_CONVERSION = YES;
				CLANG_WARN_DEPRECATED_OBJC_IMPLEMENTATIONS = YES;
				CLANG_WARN_DIRECT_OBJC_ISA_USAGE = YES_ERROR;
				CLANG_WARN_DOCUMENTATION_COMMENTS = YES;
				CLANG_WARN_EMPTY_BODY = YES;
				CLANG_WARN_ENUM_CONVERSION = YES;
				CLANG_WARN_INFINITE_RECURSION = YES;
				CLANG_WARN_INT_CONVERSION = YES;
				CLANG_WARN_NON_LITERAL_NULL_CONVERSION = YES;
				CLANG_WARN_OBJC_IMPLICIT_RETAIN_SELF = YES;
				CLANG_WARN_OBJC_LITERAL_CONVERSION = YES;
				CLANG_WARN_OBJC_ROOT_CLASS = YES_ERROR;
				CLANG_WARN_QUOTED_INCLUDE_IN_FRAMEWORK_HEADER = YES;
				CLANG_WARN_RANGE_LOOP_ANALYSIS = YES;
				CLANG_WARN_STRICT_PROTOTYPES = YES;
				CLANG_WARN_SUSPICIOUS_MOVE = YES;
				CLANG_WARN_UNGUARDED_AVAILABILITY = YES_AGGRESSIVE;
				CLANG_WARN_UNREACHABLE_CODE = YES;
				CLANG_WARN__DUPLICATE_METHOD_MATCH = YES;
				COPY_PHASE_STRIP = NO;
				DEBUG_INFORMATION_FORMAT = dwarf;
				ENABLE_STRICT_OBJC_MSGSEND = YES;
				ENABLE_TESTABILITY = YES;
				ENABLE_USER_SCRIPT_SANDBOXING = YES;
				GCC_C_LANGUAGE_STANDARD = gnu17;
				GCC_DYNAMIC_NO_PIC = NO;
				GCC_NO_COMMON_BLOCKS = YES;
				GCC_OPTIMIZATION_LEVEL = 0;
				GCC_PREPROCESSOR_DEFINITIONS = (
					"DEBUG=1",
					"$(inherited)",
				);
				GCC_WARN_64_TO_32_BIT_CONVERSION = YES;
				GCC_WARN_ABOUT_RETURN_TYPE = YES_ERROR;
				GCC_WARN_UNDECLARED_SELECTOR = YES;
				GCC_WARN_UNINITIALIZED_AUTOS = YES_AGGRESSIVE;
				GCC_WARN_UNUSED_FUNCTION = YES;
				GCC_WARN_UNUSED_VARIABLE = YES;
				LOCALIZATION_PREFERS_STRING_CATALOGS = YES;
				MACOSX_DEPLOYMENT_TARGET = 14.4;
				MTL_ENABLE_DEBUG_INFO = INCLUDE_SOURCE;
				MTL_FAST_MATH = YES;
				ONLY_ACTIVE_ARCH = YES;
				SDKROOT = macosx;
				SWIFT_ACTIVE_COMPILATION_CONDITIONS = "DEBUG $(inherited)";
				SWIFT_OPTIMIZATION_LEVEL = "-Onone";
			};
			name = Debug;
		};
		126B997A2C909D4F0031EED1 /* Release */ = {
			isa = XCBuildConfiguration;
			buildSettings = {
				ALWAYS_SEARCH_USER_PATHS = NO;
				ASSETCATALOG_COMPILER_GENERATE_SWIFT_ASSET_SYMBOL_EXTENSIONS = YES;
				CLANG_ANALYZER_NONNULL = YES;
				CLANG_ANALYZER_NUMBER_OBJECT_CONVERSION = YES_AGGRESSIVE;
				CLANG_CXX_LANGUAGE_STANDARD = "gnu++20";
				CLANG_ENABLE_MODULES = YES;
				CLANG_ENABLE_OBJC_ARC = YES;
				CLANG_ENABLE_OBJC_WEAK = YES;
				CLANG_WARN_BLOCK_CAPTURE_AUTORELEASING = YES;
				CLANG_WARN_BOOL_CONVERSION = YES;
				CLANG_WARN_COMMA = YES;
				CLANG_WARN_CONSTANT_CONVERSION = YES;
				CLANG_WARN_DEPRECATED_OBJC_IMPLEMENTATIONS = YES;
				CLANG_WARN_DIRECT_OBJC_ISA_USAGE = YES_ERROR;
				CLANG_WARN_DOCUMENTATION_COMMENTS = YES;
				CLANG_WARN_EMPTY_BODY = YES;
				CLANG_WARN_ENUM_CONVERSION = YES;
				CLANG_WARN_INFINITE_RECURSION = YES;
				CLANG_WARN_INT_CONVERSION = YES;
				CLANG_WARN_NON_LITERAL_NULL_CONVERSION = YES;
				CLANG_WARN_OBJC_IMPLICIT_RETAIN_SELF = YES;
				CLANG_WARN_OBJC_LITERAL_CONVERSION = YES;
				CLANG_WARN_OBJC_ROOT_CLASS = YES_ERROR;
				CLANG_WARN_QUOTED_INCLUDE_IN_FRAMEWORK_HEADER = YES;
				CLANG_WARN_RANGE_LOOP_ANALYSIS = YES;
				CLANG_WARN_STRICT_PROTOTYPES = YES;
				CLANG_WARN_SUSPICIOUS_MOVE = YES;
				CLANG_WARN_UNGUARDED_AVAILABILITY = YES_AGGRESSIVE;
				CLANG_WARN_UNREACHABLE_CODE = YES;
				CLANG_WARN__DUPLICATE_METHOD_MATCH = YES;
				COPY_PHASE_STRIP = NO;
				DEBUG_INFORMATION_FORMAT = "dwarf-with-dsym";
				ENABLE_NS_ASSERTIONS = NO;
				ENABLE_STRICT_OBJC_MSGSEND = YES;
				ENABLE_USER_SCRIPT_SANDBOXING = YES;
				GCC_C_LANGUAGE_STANDARD = gnu17;
				GCC_NO_COMMON_BLOCKS = YES;
				GCC_WARN_64_TO_32_BIT_CONVERSION = YES;
				GCC_WARN_ABOUT_RETURN_TYPE = YES_ERROR;
				GCC_WARN_UNDECLARED_SELECTOR = YES;
				GCC_WARN_UNINITIALIZED_AUTOS = YES_AGGRESSIVE;
				GCC_WARN_UNUSED_FUNCTION = YES;
				GCC_WARN_UNUSED_VARIABLE = YES;
				LOCALIZATION_PREFERS_STRING_CATALOGS = YES;
				MACOSX_DEPLOYMENT_TARGET = 14.4;
				MTL_ENABLE_DEBUG_INFO = NO;
				MTL_FAST_MATH = YES;
				SDKROOT = macosx;
				SWIFT_COMPILATION_MODE = wholemodule;
			};
			name = Release;
		};
		126B997C2C909D4F0031EED1 /* Debug */ = {
			isa = XCBuildConfiguration;
			buildSettings = {
				ASSETCATALOG_COMPILER_APPICON_NAME = AppIcon;
				ASSETCATALOG_COMPILER_GLOBAL_ACCENT_COLOR_NAME = AccentColor;
				CODE_SIGN_ENTITLEMENTS = Preview/Preview.entitlements;
				CODE_SIGN_STYLE = Automatic;
				COMBINE_HIDPI_IMAGES = YES;
				CURRENT_PROJECT_VERSION = 1;
				DEVELOPMENT_ASSET_PATHS = "\"Preview/Preview Content\"";
				DEVELOPMENT_TEAM = RA7RH7LDQH;
				ENABLE_HARDENED_RUNTIME = YES;
				ENABLE_PREVIEWS = YES;
				GENERATE_INFOPLIST_FILE = YES;
				INFOPLIST_KEY_NSHumanReadableCopyright = "";
				LD_RUNPATH_SEARCH_PATHS = (
					"$(inherited)",
					"@executable_path/../Frameworks",
				);
				MARKETING_VERSION = 1.0;
				PRODUCT_BUNDLE_IDENTIFIER = io.tuist.Preview;
				PRODUCT_NAME = "$(TARGET_NAME)";
				SWIFT_EMIT_LOC_STRINGS = YES;
				SWIFT_VERSION = 5.0;
			};
			name = Debug;
		};
		126B997D2C909D4F0031EED1 /* Release */ = {
			isa = XCBuildConfiguration;
			buildSettings = {
				ASSETCATALOG_COMPILER_APPICON_NAME = AppIcon;
				ASSETCATALOG_COMPILER_GLOBAL_ACCENT_COLOR_NAME = AccentColor;
				CODE_SIGN_ENTITLEMENTS = Preview/Preview.entitlements;
				CODE_SIGN_STYLE = Automatic;
				COMBINE_HIDPI_IMAGES = YES;
				CURRENT_PROJECT_VERSION = 1;
				DEVELOPMENT_ASSET_PATHS = "\"Preview/Preview Content\"";
				DEVELOPMENT_TEAM = RA7RH7LDQH;
				ENABLE_HARDENED_RUNTIME = YES;
				ENABLE_PREVIEWS = YES;
				GENERATE_INFOPLIST_FILE = YES;
				INFOPLIST_KEY_NSHumanReadableCopyright = "";
				LD_RUNPATH_SEARCH_PATHS = (
					"$(inherited)",
					"@executable_path/../Frameworks",
				);
				MARKETING_VERSION = 1.0;
				PRODUCT_BUNDLE_IDENTIFIER = io.tuist.Preview;
				PRODUCT_NAME = "$(TARGET_NAME)";
				SWIFT_EMIT_LOC_STRINGS = YES;
				SWIFT_VERSION = 5.0;
			};
			name = Release;
		};
		126B997F2C909D4F0031EED1 /* Debug */ = {
			isa = XCBuildConfiguration;
			buildSettings = {
				ALWAYS_EMBED_SWIFT_STANDARD_LIBRARIES = YES;
				BUNDLE_LOADER = "$(TEST_HOST)";
				CODE_SIGN_STYLE = Automatic;
				CURRENT_PROJECT_VERSION = 1;
				DEVELOPMENT_TEAM = RA7RH7LDQH;
				GENERATE_INFOPLIST_FILE = YES;
				MACOSX_DEPLOYMENT_TARGET = 14.4;
				MARKETING_VERSION = 1.0;
				PRODUCT_BUNDLE_IDENTIFIER = io.tuist.PreviewTests;
				PRODUCT_NAME = "$(TARGET_NAME)";
				SWIFT_EMIT_LOC_STRINGS = NO;
				SWIFT_VERSION = 5.0;
				TEST_HOST = "$(BUILT_PRODUCTS_DIR)/Preview.app/$(BUNDLE_EXECUTABLE_FOLDER_PATH)/Preview";
			};
			name = Debug;
		};
		126B99802C909D4F0031EED1 /* Release */ = {
			isa = XCBuildConfiguration;
			buildSettings = {
				ALWAYS_EMBED_SWIFT_STANDARD_LIBRARIES = YES;
				BUNDLE_LOADER = "$(TEST_HOST)";
				CODE_SIGN_STYLE = Automatic;
				CURRENT_PROJECT_VERSION = 1;
				DEVELOPMENT_TEAM = RA7RH7LDQH;
				GENERATE_INFOPLIST_FILE = YES;
				MACOSX_DEPLOYMENT_TARGET = 14.4;
				MARKETING_VERSION = 1.0;
				PRODUCT_BUNDLE_IDENTIFIER = io.tuist.PreviewTests;
				PRODUCT_NAME = "$(TARGET_NAME)";
				SWIFT_EMIT_LOC_STRINGS = NO;
				SWIFT_VERSION = 5.0;
				TEST_HOST = "$(BUILT_PRODUCTS_DIR)/Preview.app/$(BUNDLE_EXECUTABLE_FOLDER_PATH)/Preview";
			};
			name = Release;
		};
		126B99822C909D4F0031EED1 /* Debug */ = {
			isa = XCBuildConfiguration;
			buildSettings = {
				ALWAYS_EMBED_SWIFT_STANDARD_LIBRARIES = YES;
				CODE_SIGN_STYLE = Automatic;
				CURRENT_PROJECT_VERSION = 1;
				DEVELOPMENT_TEAM = RA7RH7LDQH;
				GENERATE_INFOPLIST_FILE = YES;
				MARKETING_VERSION = 1.0;
				PRODUCT_BUNDLE_IDENTIFIER = io.tuist.PreviewUITests;
				PRODUCT_NAME = "$(TARGET_NAME)";
				SWIFT_EMIT_LOC_STRINGS = NO;
				SWIFT_VERSION = 5.0;
				TEST_TARGET_NAME = Preview;
			};
			name = Debug;
		};
		126B99832C909D4F0031EED1 /* Release */ = {
			isa = XCBuildConfiguration;
			buildSettings = {
				ALWAYS_EMBED_SWIFT_STANDARD_LIBRARIES = YES;
				CODE_SIGN_STYLE = Automatic;
				CURRENT_PROJECT_VERSION = 1;
				DEVELOPMENT_TEAM = RA7RH7LDQH;
				GENERATE_INFOPLIST_FILE = YES;
				MARKETING_VERSION = 1.0;
				PRODUCT_BUNDLE_IDENTIFIER = io.tuist.PreviewUITests;
				PRODUCT_NAME = "$(TARGET_NAME)";
				SWIFT_EMIT_LOC_STRINGS = NO;
				SWIFT_VERSION = 5.0;
				TEST_TARGET_NAME = Preview;
			};
			name = Release;
		};
/* End XCBuildConfiguration section */

/* Begin XCConfigurationList section */
		126B99512C909D4E0031EED1 /* Build configuration list for PBXProject "Preview" */ = {
			isa = XCConfigurationList;
			buildConfigurations = (
				126B99792C909D4F0031EED1 /* Debug */,
				126B997A2C909D4F0031EED1 /* Release */,
			);
			defaultConfigurationIsVisible = 0;
			defaultConfigurationName = Release;
		};
		126B997B2C909D4F0031EED1 /* Build configuration list for PBXNativeTarget "Preview" */ = {
			isa = XCConfigurationList;
			buildConfigurations = (
				126B997C2C909D4F0031EED1 /* Debug */,
				126B997D2C909D4F0031EED1 /* Release */,
			);
			defaultConfigurationIsVisible = 0;
			defaultConfigurationName = Release;
		};
		126B997E2C909D4F0031EED1 /* Build configuration list for PBXNativeTarget "PreviewTests" */ = {
			isa = XCConfigurationList;
			buildConfigurations = (
				126B997F2C909D4F0031EED1 /* Debug */,
				126B99802C909D4F0031EED1 /* Release */,
			);
			defaultConfigurationIsVisible = 0;
			defaultConfigurationName = Release;
		};
		126B99812C909D4F0031EED1 /* Build configuration list for PBXNativeTarget "PreviewUITests" */ = {
			isa = XCConfigurationList;
			buildConfigurations = (
				126B99822C909D4F0031EED1 /* Debug */,
				126B99832C909D4F0031EED1 /* Release */,
			);
			defaultConfigurationIsVisible = 0;
			defaultConfigurationName = Release;
		};
/* End XCConfigurationList section */

/* Begin XCRemoteSwiftPackageReference section */
		126B99842C909DC80031EED1 /* XCRemoteSwiftPackageReference "SnapshotPreviews-iOS" */ = {
			isa = XCRemoteSwiftPackageReference;
			repositoryURL = "https://github.com/EmergeTools/SnapshotPreviews-iOS";
			requirement = {
				branch = main;
				kind = branch;
			};
		};
/* End XCRemoteSwiftPackageReference section */

/* Begin XCSwiftPackageProductDependency section */
		126B99852C909DC90031EED1 /* PreviewGallery */ = {
			isa = XCSwiftPackageProductDependency;
			package = 126B99842C909DC80031EED1 /* XCRemoteSwiftPackageReference "SnapshotPreviews-iOS" */;
			productName = PreviewGallery;
		};
/* End XCSwiftPackageProductDependency section */
	};
	rootObject = 126B994E2C909D4E0031EED1 /* Project object */;
}
